
Microsoft Visual Studio Solution File, Format Version 12.00
# Visual Studio Version 16
VisualStudioVersion = 16.0.31613.86
MinimumVisualStudioVersion = 10.0.40219.1
Project("{FAE04EC0-301F-11D3-BF4B-00C04F79EFBC}") = "QuartzDemo", "QuartzDemo\QuartzDemo.csproj", "{96065226-D025-407F-A2A9-557BDA468E3C}"
EndProject
Global
	GlobalSection(SolutionConfigurationPlatforms) = preSolution
		Debug|Any CPU = Debug|Any CPU
		Release|Any CPU = Release|Any CPU
	EndGlobalSection
	GlobalSection(ProjectConfigurationPlatforms) = postSolution
		{96065226-D025-407F-A2A9-557BDA468E3C}.Debug|Any CPU.ActiveCfg = Debug|Any CPU
		{96065226-D025-407F-A2A9-557BDA468E3C}.Debug|Any CPU.Build.0 = Debug|Any CPU
		{96065226-D025-407F-A2A9-557BDA468E3C}.Release|Any CPU.ActiveCfg = Release|Any CPU
		{96065226-D025-407F-A2A9-557BDA468E3C}.Release|Any CPU.Build.0 = Release|Any CPU
	EndGlobalSection
	GlobalSection(SolutionProperties) = preSolution
		HideSolutionNode = FALSE
	EndGlobalSection
	GlobalSection(ExtensibilityGlobals) = postSolution
		SolutionGuid = {AE6B0B3A-7172-44BD-B24A-F16B54374E9A}
	EndGlobalSection
EndGlobal
